{
  "nodes": {
    "diffz": {
      "flake": false,
      "locked": {
        "lastModified": 1676881125,
        "narHash": "sha256-iCXoJp+89GhdFO9roE208mhqURTuMX8zKiEEpvMH2do=",
        "owner": "ziglibs",
        "repo": "diffz",
        "rev": "efc91679b000a2d7f86fb40930f0a95a0d349bff",
        "type": "github"
      },
      "original": {
        "owner": "ziglibs",
        "repo": "diffz",
        "type": "github"
      }
    },
    "flake-compat": {
      "flake": false,
      "locked": {
        "lastModified": 1673956053,
        "narHash": "sha256-4gtG9iQuiKITOjNQQeQIpoIB6b16fm+504Ch3sNKLd8=",
        "owner": "edolstra",
        "repo": "flake-compat",
        "rev": "35bb57c0c8d8b62bbfd284272c928ceb64ddbde9",
        "type": "github"
      },
      "original": {
        "owner": "edolstra",
        "repo": "flake-compat",
        "type": "github"
      }
    },
    "flake-utils": {
      "locked": {
        "lastModified": 1676283394,
        "narHash": "sha256-XX2f9c3iySLCw54rJ/CZs+ZK6IQy7GXNY4nSOyu2QG4=",
        "owner": "numtide",
        "repo": "flake-utils",
        "rev": "3db36a8b464d0c4532ba1c7dda728f4576d6d073",
        "type": "github"
      },
      "original": {
        "owner": "numtide",
        "repo": "flake-utils",
        "type": "github"
      }
    },
    "flake-utils_2": {
      "locked": {
        "lastModified": 1676283394,
        "narHash": "sha256-XX2f9c3iySLCw54rJ/CZs+ZK6IQy7GXNY4nSOyu2QG4=",
        "owner": "numtide",
        "repo": "flake-utils",
        "rev": "3db36a8b464d0c4532ba1c7dda728f4576d6d073",
        "type": "github"
      },
      "original": {
        "owner": "numtide",
        "repo": "flake-utils",
        "type": "github"
      }
    },
    "gitignore": {
      "inputs": {
        "nixpkgs": [
          "zls-flake",
          "nixpkgs"
        ]
      },
      "locked": {
        "lastModified": 1660459072,
        "narHash": "sha256-8DFJjXG8zqoONA1vXtgeKXy68KdJL5UaXR8NtVMUbx8=",
        "owner": "hercules-ci",
        "repo": "gitignore.nix",
        "rev": "a20de23b925fd8264fd7fad6454652e142fd7f73",
        "type": "github"
      },
      "original": {
        "owner": "hercules-ci",
        "repo": "gitignore.nix",
        "type": "github"
      }
    },
    "known-folders": {
      "flake": false,
      "locked": {
        "lastModified": 1675710004,
        "narHash": "sha256-eIAKOrapiqofwj4okOH9iRxBwl09VnAgS+nbfmD5q9U=",
        "owner": "ziglibs",
        "repo": "known-folders",
        "rev": "53fe3b676f32e59d46f4fd201d7ab200e5f6cb98",
        "type": "github"
      },
      "original": {
        "owner": "ziglibs",
        "repo": "known-folders",
        "type": "github"
      }
    },
    "nixpkgs": {
      "locked": {
        "lastModified": 1677262115,
        "narHash": "sha256-DPkHiJw2QnKYAzQXBlwelwghxbcD5oigK2kLPHMpMQ8=",
        "owner": "NixOS",
        "repo": "nixpkgs",
        "rev": "806075be2bdde71895359ed18cb530c4d323e6f6",
        "type": "github"
      },
      "original": {
        "owner": "NixOS",
        "ref": "nixpkgs-unstable",
        "repo": "nixpkgs",
        "type": "github"
      }
    },
    "root": {
      "inputs": {
        "flake-utils": "flake-utils",
        "nixpkgs": "nixpkgs",
        "zig-overlay": "zig-overlay",
        "zls-flake": "zls-flake"
      }
    },
    "tres": {
      "flake": false,
      "locked": {
        "lastModified": 1677011084,
        "narHash": "sha256-hUPEz/agefsEAylFgfTA9csickOfqLbzguPIfwLI5WU=",
        "owner": "ziglibs",
        "repo": "tres",
        "rev": "d8b0c24a945da02fffdae731edd1903c6889e73c",
        "type": "github"
      },
      "original": {
        "owner": "ziglibs",
        "repo": "tres",
        "type": "github"
      }
    },
    "zig-overlay": {
      "inputs": {
        "flake-compat": "flake-compat",
        "flake-utils": [
          "flake-utils"
        ],
        "nixpkgs": [
          "nixpkgs"
        ]
      },
      "locked": {
        "lastModified": 1677198262,
        "narHash": "sha256-PxZ6JdfvNVI/+EIjhaW28EkQqafUnm4VouT31swPqOc=",
        "owner": "mitchellh",
        "repo": "zig-overlay",
        "rev": "799650b2e991ea6f4b581d6eea3c8501f7937108",
        "type": "github"
      },
      "original": {
        "owner": "mitchellh",
        "repo": "zig-overlay",
        "type": "github"
      }
    },
    "zls-flake": {
      "inputs": {
        "diffz": "diffz",
        "flake-utils": "flake-utils_2",
        "gitignore": "gitignore",
        "known-folders": "known-folders",
        "nixpkgs": [
          "nixpkgs"
        ],
        "tres": "tres",
        "zig-overlay": [
          "zig-overlay"
        ]
      },
      "locked": {
        "lastModified": 1677351509,
        "narHash": "sha256-Jc2ZozsT+D1MLoRPqjYblzyu+xPHx9SjQ3CWZhipmRw=",
        "owner": "zigtools",
        "repo": "zls",
        "rev": "4b0da6f6aec80471d812a06028a546c395f114ab",
        "type": "github"
      },
      "original": {
        "owner": "zigtools",
        "repo": "zls",
        "type": "github"
      }
    }
  },
  "root": "root",
  "version": 7
}
